
Microsoft Visual Studio Solution File, Format Version 10.00
# Visual Studio 2008
Project("{8BC9CEB8-8B4A-11D0-8D11-00A0C91BC942}") = "test", "test\test.vcproj", "{2A190ED1-B829-40A6-B542-0382D8D42B79}"
EndProject
Project("{8BC9CEB8-8B4A-11D0-8D11-00A0C91BC942}") = "testPS", "test\testPS.vcproj", "{00D4D361-D63D-4B5B-A038-EFE31007649B}"
	ProjectSection(ProjectDependencies) = postProject
		{2A190ED1-B829-40A6-B542-0382D8D42B79} = {2A190ED1-B829-40A6-B542-0382D8D42B79}
	EndProjectSection
EndProject
Global
	GlobalSection(SolutionConfigurationPlatforms) = preSolution
		Debug|Win32 = Debug|Win32
		Release|Win32 = Release|Win32
	EndGlobalSection
	GlobalSection(ProjectConfigurationPlatforms) = postSolution
		{2A190ED1-B829-40A6-B542-0382D8D42B79}.Debug|Win32.ActiveCfg = Debug|Win32
		{2A190ED1-B829-40A6-B542-0382D8D42B79}.Debug|Win32.Build.0 = Debug|Win32
		{2A190ED1-B829-40A6-B542-0382D8D42B79}.Release|Win32.ActiveCfg = Release|Win32
		{2A190ED1-B829-40A6-B542-0382D8D42B79}.Release|Win32.Build.0 = Release|Win32
		{00D4D361-D63D-4B5B-A038-EFE31007649B}.Debug|Win32.ActiveCfg = Debug|Win32
		{00D4D361-D63D-4B5B-A038-EFE31007649B}.Release|Win32.ActiveCfg = Release|Win32
	EndGlobalSection
	GlobalSection(SolutionProperties) = preSolution
		HideSolutionNode = FALSE
	EndGlobalSection
EndGlobal
